// !$*UTF8*$!
{
	archiveVersion = 1;
	classes = {
	};
	objectVersion = 56;
	objects = {

/* Begin PBXBuildFile section */
		14843D022C524D4F007297BB /* SMBClient in Frameworks */ = {isa = PBXBuildFile; productRef = 14843D012C524D4F007297BB /* SMBClient */; };
		14843D052C524D60007297BB /* FlyingFox in Frameworks */ = {isa = PBXBuildFile; productRef = 14843D042C524D60007297BB /* FlyingFox */; };
		14843D072C524D60007297BB /* FlyingSocks in Frameworks */ = {isa = PBXBuildFile; productRef = 14843D062C524D60007297BB /* FlyingSocks */; };
		14843D0A2C524DB8007297BB /* Service.swift in Sources */ = {isa = PBXBuildFile; fileRef = 14843D082C524DB7007297BB /* Service.swift */; };
		14843D112C52582A007297BB /* SharesViewController.swift in Sources */ = {isa = PBXBuildFile; fileRef = 14843D102C52582A007297BB /* SharesViewController.swift */; };
		14843D132C52AC41007297BB /* FilesViewController.swift in Sources */ = {isa = PBXBuildFile; fileRef = 14843D122C52AC41007297BB /* FilesViewController.swift */; };
		14843D172C52AEFB007297BB /* ServiceDiscovery.swift in Sources */ = {isa = PBXBuildFile; fileRef = 14843D162C52AEFB007297BB /* ServiceDiscovery.swift */; };
		14843D192C52AF1B007297BB /* CredentialStore.swift in Sources */ = {isa = PBXBuildFile; fileRef = 14843D182C52AF1B007297BB /* CredentialStore.swift */; };
		14843D1B2C52AF34007297BB /* File.swift in Sources */ = {isa = PBXBuildFile; fileRef = 14843D1A2C52AF34007297BB /* File.swift */; };
		14843D1D2C52AF4E007297BB /* ID.swift in Sources */ = {isa = PBXBuildFile; fileRef = 14843D1C2C52AF4E007297BB /* ID.swift */; };
		14843D1F2C52B91A007297BB /* ConnectServiceView.swift in Sources */ = {isa = PBXBuildFile; fileRef = 14843D1E2C52B91A007297BB /* ConnectServiceView.swift */; };
		14843D212C52B9F8007297BB /* ConnectServerView.swift in Sources */ = {isa = PBXBuildFile; fileRef = 14843D202C52B9F8007297BB /* ConnectServerView.swift */; };
		14843D232C52BBF1007297BB /* ServerManager.swift in Sources */ = {isa = PBXBuildFile; fileRef = 14843D222C52BBF1007297BB /* ServerManager.swift */; };
		14843D252C52BC05007297BB /* Server.swift in Sources */ = {isa = PBXBuildFile; fileRef = 14843D242C52BC05007297BB /* Server.swift */; };
		14843D272C52D946007297BB /* SMBAVAsset.swift in Sources */ = {isa = PBXBuildFile; fileRef = 14843D262C52D946007297BB /* SMBAVAsset.swift */; };
		14843D292C52D970007297BB /* MediaPlayerViewController.swift in Sources */ = {isa = PBXBuildFile; fileRef = 14843D282C52D970007297BB /* MediaPlayerViewController.swift */; };
		14843D2B2C53391F007297BB /* DocumentViewController.swift in Sources */ = {isa = PBXBuildFile; fileRef = 14843D2A2C53391F007297BB /* DocumentViewController.swift */; };
		14E2824D2C4BF6BD00507B0C /* AppDelegate.swift in Sources */ = {isa = PBXBuildFile; fileRef = 14E2824C2C4BF6BD00507B0C /* AppDelegate.swift */; };
		14E2824F2C4BF6BD00507B0C /* SceneDelegate.swift in Sources */ = {isa = PBXBuildFile; fileRef = 14E2824E2C4BF6BD00507B0C /* SceneDelegate.swift */; };
		14E282512C4BF6BD00507B0C /* ServersViewController.swift in Sources */ = {isa = PBXBuildFile; fileRef = 14E282502C4BF6BD00507B0C /* ServersViewController.swift */; };
		14E282542C4BF6BD00507B0C /* Base in Resources */ = {isa = PBXBuildFile; fileRef = 14E282532C4BF6BD00507B0C /* Base */; };
		14E282562C4BF6BE00507B0C /* Assets.xcassets in Resources */ = {isa = PBXBuildFile; fileRef = 14E282552C4BF6BE00507B0C /* Assets.xcassets */; };
		14E282592C4BF6BE00507B0C /* Base in Resources */ = {isa = PBXBuildFile; fileRef = 14E282582C4BF6BE00507B0C /* Base */; };
/* End PBXBuildFile section */

/* Begin PBXFileReference section */
		14843D082C524DB7007297BB /* Service.swift */ = {isa = PBXFileReference; fileEncoding = 4; lastKnownFileType = sourcecode.swift; name = Service.swift; path = ../../../macOS/FileBrowser/FileBrowser/Service.swift; sourceTree = "<group>"; };
		14843D102C52582A007297BB /* SharesViewController.swift */ = {isa = PBXFileReference; fileEncoding = 4; lastKnownFileType = sourcecode.swift; path = SharesViewController.swift; sourceTree = "<group>"; };
		14843D122C52AC41007297BB /* FilesViewController.swift */ = {isa = PBXFileReference; fileEncoding = 4; lastKnownFileType = sourcecode.swift; path = FilesViewController.swift; sourceTree = "<group>"; };
		14843D162C52AEFB007297BB /* ServiceDiscovery.swift */ = {isa = PBXFileReference; lastKnownFileType = sourcecode.swift; path = ServiceDiscovery.swift; sourceTree = "<group>"; };
		14843D182C52AF1B007297BB /* CredentialStore.swift */ = {isa = PBXFileReference; lastKnownFileType = sourcecode.swift; path = CredentialStore.swift; sourceTree = "<group>"; };
		14843D1A2C52AF34007297BB /* File.swift */ = {isa = PBXFileReference; lastKnownFileType = sourcecode.swift; path = File.swift; sourceTree = "<group>"; };
		14843D1C2C52AF4E007297BB /* ID.swift */ = {isa = PBXFileReference; lastKnownFileType = sourcecode.swift; path = ID.swift; sourceTree = "<group>"; };
		14843D1E2C52B91A007297BB /* ConnectServiceView.swift */ = {isa = PBXFileReference; lastKnownFileType = sourcecode.swift; path = ConnectServiceView.swift; sourceTree = "<group>"; };
		14843D202C52B9F8007297BB /* ConnectServerView.swift */ = {isa = PBXFileReference; lastKnownFileType = sourcecode.swift; path = ConnectServerView.swift; sourceTree = "<group>"; };
		14843D222C52BBF1007297BB /* ServerManager.swift */ = {isa = PBXFileReference; lastKnownFileType = sourcecode.swift; path = ServerManager.swift; sourceTree = "<group>"; };
		14843D242C52BC05007297BB /* Server.swift */ = {isa = PBXFileReference; lastKnownFileType = sourcecode.swift; path = Server.swift; sourceTree = "<group>"; };
		14843D262C52D946007297BB /* SMBAVAsset.swift */ = {isa = PBXFileReference; lastKnownFileType = sourcecode.swift; path = SMBAVAsset.swift; sourceTree = "<group>"; };
		14843D282C52D970007297BB /* MediaPlayerViewController.swift */ = {isa = PBXFileReference; lastKnownFileType = sourcecode.swift; path = MediaPlayerViewController.swift; sourceTree = "<group>"; };
		14843D2A2C53391F007297BB /* DocumentViewController.swift */ = {isa = PBXFileReference; lastKnownFileType = sourcecode.swift; path = DocumentViewController.swift; sourceTree = "<group>"; };
		14E282492C4BF6BD00507B0C /* File Browser.app */ = {isa = PBXFileReference; explicitFileType = wrapper.application; includeInIndex = 0; path = "File Browser.app"; sourceTree = BUILT_PRODUCTS_DIR; };
		14E2824C2C4BF6BD00507B0C /* AppDelegate.swift */ = {isa = PBXFileReference; lastKnownFileType = sourcecode.swift; path = AppDelegate.swift; sourceTree = "<group>"; };
		14E2824E2C4BF6BD00507B0C /* SceneDelegate.swift */ = {isa = PBXFileReference; lastKnownFileType = sourcecode.swift; path = SceneDelegate.swift; sourceTree = "<group>"; };
		14E282502C4BF6BD00507B0C /* ServersViewController.swift */ = {isa = PBXFileReference; lastKnownFileType = sourcecode.swift; path = ServersViewController.swift; sourceTree = "<group>"; };
		14E282532C4BF6BD00507B0C /* Base */ = {isa = PBXFileReference; lastKnownFileType = file.storyboard; name = Base; path = Base.lproj/Main.storyboard; sourceTree = "<group>"; };
		14E282552C4BF6BE00507B0C /* Assets.xcassets */ = {isa = PBXFileReference; lastKnownFileType = folder.assetcatalog; path = Assets.xcassets; sourceTree = "<group>"; };
		14E282582C4BF6BE00507B0C /* Base */ = {isa = PBXFileReference; lastKnownFileType = file.storyboard; name = Base; path = Base.lproj/LaunchScreen.storyboard; sourceTree = "<group>"; };
		14E2825A2C4BF6BE00507B0C /* Info.plist */ = {isa = PBXFileReference; lastKnownFileType = text.plist.xml; path = Info.plist; sourceTree = "<group>"; };
/* End PBXFileReference section */

/* Begin PBXFrameworksBuildPhase section */
		14E282462C4BF6BD00507B0C /* Frameworks */ = {
			isa = PBXFrameworksBuildPhase;
			buildActionMask = 2147483647;
			files = (
				14843D022C524D4F007297BB /* SMBClient in Frameworks */,
				14843D072C524D60007297BB /* FlyingSocks in Frameworks */,
				14843D052C524D60007297BB /* FlyingFox in Frameworks */,
			);
			runOnlyForDeploymentPostprocessing = 0;
		};
/* End PBXFrameworksBuildPhase section */

/* Begin PBXGroup section */
		14E282402C4BF6BD00507B0C = {
			isa = PBXGroup;
			children = (
				14E2824B2C4BF6BD00507B0C /* FileBrowser */,
				14E2824A2C4BF6BD00507B0C /* Products */,
			);
			sourceTree = "<group>";
		};
		14E2824A2C4BF6BD00507B0C /* Products */ = {
			isa = PBXGroup;
			children = (
				14E282492C4BF6BD00507B0C /* File Browser.app */,
			);
			name = Products;
			sourceTree = "<group>";
		};
		14E2824B2C4BF6BD00507B0C /* FileBrowser */ = {
			isa = PBXGroup;
			children = (
				14E2824C2C4BF6BD00507B0C /* AppDelegate.swift */,
				14E2824E2C4BF6BD00507B0C /* SceneDelegate.swift */,
				14E282502C4BF6BD00507B0C /* ServersViewController.swift */,
				14843D1E2C52B91A007297BB /* ConnectServiceView.swift */,
				14843D202C52B9F8007297BB /* ConnectServerView.swift */,
				14843D102C52582A007297BB /* SharesViewController.swift */,
				14843D122C52AC41007297BB /* FilesViewController.swift */,
				14843D282C52D970007297BB /* MediaPlayerViewController.swift */,
				14843D2A2C53391F007297BB /* DocumentViewController.swift */,
				14843D262C52D946007297BB /* SMBAVAsset.swift */,
				14843D1A2C52AF34007297BB /* File.swift */,
				14843D1C2C52AF4E007297BB /* ID.swift */,
				14843D162C52AEFB007297BB /* ServiceDiscovery.swift */,
				14843D082C524DB7007297BB /* Service.swift */,
				14843D222C52BBF1007297BB /* ServerManager.swift */,
				14843D242C52BC05007297BB /* Server.swift */,
				14843D182C52AF1B007297BB /* CredentialStore.swift */,
				14E282522C4BF6BD00507B0C /* Main.storyboard */,
				14E282572C4BF6BE00507B0C /* LaunchScreen.storyboard */,
				14E282552C4BF6BE00507B0C /* Assets.xcassets */,
				14E2825A2C4BF6BE00507B0C /* Info.plist */,
			);
			path = FileBrowser;
			sourceTree = "<group>";
		};
/* End PBXGroup section */

/* Begin PBXNativeTarget section */
		14E282482C4BF6BD00507B0C /* FileBrowser */ = {
			isa = PBXNativeTarget;
			buildConfigurationList = 14E2825D2C4BF6BE00507B0C /* Build configuration list for PBXNativeTarget "FileBrowser" */;
			buildPhases = (
				14E282452C4BF6BD00507B0C /* Sources */,
				14E282462C4BF6BD00507B0C /* Frameworks */,
				14E282472C4BF6BD00507B0C /* Resources */,
			);
			buildRules = (
			);
			dependencies = (
			);
			name = FileBrowser;
			packageProductDependencies = (
				14843D012C524D4F007297BB /* SMBClient */,
				14843D042C524D60007297BB /* FlyingFox */,
				14843D062C524D60007297BB /* FlyingSocks */,
			);
			productName = FileBrowser;
			productReference = 14E282492C4BF6BD00507B0C /* File Browser.app */;
			productType = "com.apple.product-type.application";
		};
/* End PBXNativeTarget section */

/* Begin PBXProject section */
		14E282412C4BF6BD00507B0C /* Project object */ = {
			isa = PBXProject;
			attributes = {
				BuildIndependentTargetsInParallel = 1;
				LastSwiftUpdateCheck = 1530;
				LastUpgradeCheck = 1530;
				TargetAttributes = {
					14E282482C4BF6BD00507B0C = {
						CreatedOnToolsVersion = 15.3;
					};
				};
			};
			buildConfigurationList = 14E282442C4BF6BD00507B0C /* Build configuration list for PBXProject "FileBrowser" */;
			compatibilityVersion = "Xcode 14.0";
			developmentRegion = en;
			hasScannedForEncodings = 0;
			knownRegions = (
				en,
				Base,
			);
			mainGroup = 14E282402C4BF6BD00507B0C;
			packageReferences = (
				14843D002C524D4F007297BB /* XCRemoteSwiftPackageReference "SMBClient" */,
				14843D032C524D60007297BB /* XCRemoteSwiftPackageReference "FlyingFox" */,
			);
			productRefGroup = 14E2824A2C4BF6BD00507B0C /* Products */;
			projectDirPath = "";
			projectRoot = "";
			targets = (
				14E282482C4BF6BD00507B0C /* FileBrowser */,
			);
		};
/* End PBXProject section */

/* Begin PBXResourcesBuildPhase section */
		14E282472C4BF6BD00507B0C /* Resources */ = {
			isa = PBXResourcesBuildPhase;
			buildActionMask = 2147483647;
			files = (
				14E282562C4BF6BE00507B0C /* Assets.xcassets in Resources */,
				14E282592C4BF6BE00507B0C /* Base in Resources */,
				14E282542C4BF6BD00507B0C /* Base in Resources */,
			);
			runOnlyForDeploymentPostprocessing = 0;
		};
/* End PBXResourcesBuildPhase section */

/* Begin PBXSourcesBuildPhase section */
		14E282452C4BF6BD00507B0C /* Sources */ = {
			isa = PBXSourcesBuildPhase;
			buildActionMask = 2147483647;
			files = (
				14843D2B2C53391F007297BB /* DocumentViewController.swift in Sources */,
				14843D252C52BC05007297BB /* Server.swift in Sources */,
				14843D272C52D946007297BB /* SMBAVAsset.swift in Sources */,
				14E282512C4BF6BD00507B0C /* ServersViewController.swift in Sources */,
				14843D132C52AC41007297BB /* FilesViewController.swift in Sources */,
				14843D0A2C524DB8007297BB /* Service.swift in Sources */,
				14843D192C52AF1B007297BB /* CredentialStore.swift in Sources */,
				14843D292C52D970007297BB /* MediaPlayerViewController.swift in Sources */,
				14843D1B2C52AF34007297BB /* File.swift in Sources */,
				14843D172C52AEFB007297BB /* ServiceDiscovery.swift in Sources */,
				14E2824D2C4BF6BD00507B0C /* AppDelegate.swift in Sources */,
				14843D112C52582A007297BB /* SharesViewController.swift in Sources */,
				14843D1F2C52B91A007297BB /* ConnectServiceView.swift in Sources */,
				14843D1D2C52AF4E007297BB /* ID.swift in Sources */,
				14843D232C52BBF1007297BB /* ServerManager.swift in Sources */,
				14E2824F2C4BF6BD00507B0C /* SceneDelegate.swift in Sources */,
				14843D212C52B9F8007297BB /* ConnectServerView.swift in Sources */,
			);
			runOnlyForDeploymentPostprocessing = 0;
		};
/* End PBXSourcesBuildPhase section */

/* Begin PBXVariantGroup section */
		14E282522C4BF6BD00507B0C /* Main.storyboard */ = {
			isa = PBXVariantGroup;
			children = (
				14E282532C4BF6BD00507B0C /* Base */,
			);
			name = Main.storyboard;
			sourceTree = "<group>";
		};
		14E282572C4BF6BE00507B0C /* LaunchScreen.storyboard */ = {
			isa = PBXVariantGroup;
			children = (
				14E282582C4BF6BE00507B0C /* Base */,
			);
			name = LaunchScreen.storyboard;
			sourceTree = "<group>";
		};
/* End PBXVariantGroup section */

/* Begin XCBuildConfiguration section */
		14E2825B2C4BF6BE00507B0C /* Debug */ = {
			isa = XCBuildConfiguration;
			buildSettings = {
				ALWAYS_SEARCH_USER_PATHS = NO;
				ASSETCATALOG_COMPILER_GENERATE_SWIFT_ASSET_SYMBOL_EXTENSIONS = YES;
				CLANG_ANALYZER_NONNULL = YES;
				CLANG_ANALYZER_NUMBER_OBJECT_CONVERSION = YES_AGGRESSIVE;
				CLANG_CXX_LANGUAGE_STANDARD = "gnu++20";
				CLANG_ENABLE_MODULES = YES;
				CLANG_ENABLE_OBJC_ARC = YES;
				CLANG_ENABLE_OBJC_WEAK = YES;
				CLANG_WARN_BLOCK_CAPTURE_AUTORELEASING = YES;
				CLANG_WARN_BOOL_CONVERSION = YES;
				CLANG_WARN_COMMA = YES;
				CLANG_WARN_CONSTANT_CONVERSION = YES;
				CLANG_WARN_DEPRECATED_OBJC_IMPLEMENTATIONS = YES;
				CLANG_WARN_DIRECT_OBJC_ISA_USAGE = YES_ERROR;
				CLANG_WARN_DOCUMENTATION_COMMENTS = YES;
				CLANG_WARN_EMPTY_BODY = YES;
				CLANG_WARN_ENUM_CONVERSION = YES;
				CLANG_WARN_INFINITE_RECURSION = YES;
				CLANG_WARN_INT_CONVERSION = YES;
				CLANG_WARN_NON_LITERAL_NULL_CONVERSION = YES;
				CLANG_WARN_OBJC_IMPLICIT_RETAIN_SELF = YES;
				CLANG_WARN_OBJC_LITERAL_CONVERSION = YES;
				CLANG_WARN_OBJC_ROOT_CLASS = YES_ERROR;
				CLANG_WARN_QUOTED_INCLUDE_IN_FRAMEWORK_HEADER = YES;
				CLANG_WARN_RANGE_LOOP_ANALYSIS = YES;
				CLANG_WARN_STRICT_PROTOTYPES = YES;
				CLANG_WARN_SUSPICIOUS_MOVE = YES;
				CLANG_WARN_UNGUARDED_AVAILABILITY = YES_AGGRESSIVE;
				CLANG_WARN_UNREACHABLE_CODE = YES;
				CLANG_WARN__DUPLICATE_METHOD_MATCH = YES;
				COPY_PHASE_STRIP = NO;
				DEBUG_INFORMATION_FORMAT = dwarf;
				ENABLE_STRICT_OBJC_MSGSEND = YES;
				ENABLE_TESTABILITY = YES;
				ENABLE_USER_SCRIPT_SANDBOXING = YES;
				GCC_C_LANGUAGE_STANDARD = gnu17;
				GCC_DYNAMIC_NO_PIC = NO;
				GCC_NO_COMMON_BLOCKS = YES;
				GCC_OPTIMIZATION_LEVEL = 0;
				GCC_PREPROCESSOR_DEFINITIONS = (
					"DEBUG=1",
					"$(inherited)",
				);
				GCC_WARN_64_TO_32_BIT_CONVERSION = YES;
				GCC_WARN_ABOUT_RETURN_TYPE = YES_ERROR;
				GCC_WARN_UNDECLARED_SELECTOR = YES;
				GCC_WARN_UNINITIALIZED_AUTOS = YES_AGGRESSIVE;
				GCC_WARN_UNUSED_FUNCTION = YES;
				GCC_WARN_UNUSED_VARIABLE = YES;
				IPHONEOS_DEPLOYMENT_TARGET = 17.4;
				LOCALIZATION_PREFERS_STRING_CATALOGS = YES;
				MTL_ENABLE_DEBUG_INFO = INCLUDE_SOURCE;
				MTL_FAST_MATH = YES;
				ONLY_ACTIVE_ARCH = YES;
				SDKROOT = iphoneos;
				SWIFT_ACTIVE_COMPILATION_CONDITIONS = "DEBUG $(inherited)";
				SWIFT_OPTIMIZATION_LEVEL = "-Onone";
			};
			name = Debug;
		};
		14E2825C2C4BF6BE00507B0C /* Release */ = {
			isa = XCBuildConfiguration;
			buildSettings = {
				ALWAYS_SEARCH_USER_PATHS = NO;
				ASSETCATALOG_COMPILER_GENERATE_SWIFT_ASSET_SYMBOL_EXTENSIONS = YES;
				CLANG_ANALYZER_NONNULL = YES;
				CLANG_ANALYZER_NUMBER_OBJECT_CONVERSION = YES_AGGRESSIVE;
				CLANG_CXX_LANGUAGE_STANDARD = "gnu++20";
				CLANG_ENABLE_MODULES = YES;
				CLANG_ENABLE_OBJC_ARC = YES;
				CLANG_ENABLE_OBJC_WEAK = YES;
				CLANG_WARN_BLOCK_CAPTURE_AUTORELEASING = YES;
				CLANG_WARN_BOOL_CONVERSION = YES;
				CLANG_WARN_COMMA = YES;
				CLANG_WARN_CONSTANT_CONVERSION = YES;
				CLANG_WARN_DEPRECATED_OBJC_IMPLEMENTATIONS = YES;
				CLANG_WARN_DIRECT_OBJC_ISA_USAGE = YES_ERROR;
				CLANG_WARN_DOCUMENTATION_COMMENTS = YES;
				CLANG_WARN_EMPTY_BODY = YES;
				CLANG_WARN_ENUM_CONVERSION = YES;
				CLANG_WARN_INFINITE_RECURSION = YES;
				CLANG_WARN_INT_CONVERSION = YES;
				CLANG_WARN_NON_LITERAL_NULL_CONVERSION = YES;
				CLANG_WARN_OBJC_IMPLICIT_RETAIN_SELF = YES;
				CLANG_WARN_OBJC_LITERAL_CONVERSION = YES;
				CLANG_WARN_OBJC_ROOT_CLASS = YES_ERROR;
				CLANG_WARN_QUOTED_INCLUDE_IN_FRAMEWORK_HEADER = YES;
				CLANG_WARN_RANGE_LOOP_ANALYSIS = YES;
				CLANG_WARN_STRICT_PROTOTYPES = YES;
				CLANG_WARN_SUSPICIOUS_MOVE = YES;
				CLANG_WARN_UNGUARDED_AVAILABILITY = YES_AGGRESSIVE;
				CLANG_WARN_UNREACHABLE_CODE = YES;
				CLANG_WARN__DUPLICATE_METHOD_MATCH = YES;
				COPY_PHASE_STRIP = NO;
				DEBUG_INFORMATION_FORMAT = "dwarf-with-dsym";
				ENABLE_NS_ASSERTIONS = NO;
				ENABLE_STRICT_OBJC_MSGSEND = YES;
				ENABLE_USER_SCRIPT_SANDBOXING = YES;
				GCC_C_LANGUAGE_STANDARD = gnu17;
				GCC_NO_COMMON_BLOCKS = YES;
				GCC_WARN_64_TO_32_BIT_CONVERSION = YES;
				GCC_WARN_ABOUT_RETURN_TYPE = YES_ERROR;
				GCC_WARN_UNDECLARED_SELECTOR = YES;
				GCC_WARN_UNINITIALIZED_AUTOS = YES_AGGRESSIVE;
				GCC_WARN_UNUSED_FUNCTION = YES;
				GCC_WARN_UNUSED_VARIABLE = YES;
				IPHONEOS_DEPLOYMENT_TARGET = 17.4;
				LOCALIZATION_PREFERS_STRING_CATALOGS = YES;
				MTL_ENABLE_DEBUG_INFO = NO;
				MTL_FAST_MATH = YES;
				SDKROOT = iphoneos;
				SWIFT_COMPILATION_MODE = wholemodule;
				VALIDATE_PRODUCT = YES;
			};
			name = Release;
		};
		14E2825E2C4BF6BE00507B0C /* Debug */ = {
			isa = XCBuildConfiguration;
			buildSettings = {
				ASSETCATALOG_COMPILER_APPICON_NAME = AppIcon;
				ASSETCATALOG_COMPILER_GLOBAL_ACCENT_COLOR_NAME = AccentColor;
				CODE_SIGN_STYLE = Automatic;
				CURRENT_PROJECT_VERSION = 1;
				DEVELOPMENT_TEAM = 27AEDK3C9F;
				GENERATE_INFOPLIST_FILE = YES;
				INFOPLIST_FILE = FileBrowser/Info.plist;
				INFOPLIST_KEY_NSLocalNetworkUsageDescription = "Discover the file sharing servers on your local area network.";
				INFOPLIST_KEY_UIApplicationSupportsIndirectInputEvents = YES;
				INFOPLIST_KEY_UILaunchStoryboardName = LaunchScreen;
				INFOPLIST_KEY_UIMainStoryboardFile = Main;
				INFOPLIST_KEY_UISupportedInterfaceOrientations_iPad = "UIInterfaceOrientationPortrait UIInterfaceOrientationPortraitUpsideDown UIInterfaceOrientationLandscapeLeft UIInterfaceOrientationLandscapeRight";
				INFOPLIST_KEY_UISupportedInterfaceOrientations_iPhone = "UIInterfaceOrientationPortrait UIInterfaceOrientationLandscapeLeft UIInterfaceOrientationLandscapeRight";
				LD_RUNPATH_SEARCH_PATHS = (
					"$(inherited)",
					"@executable_path/Frameworks",
				);
				MARKETING_VERSION = 1.0;
				PRODUCT_BUNDLE_IDENTIFIER = com.kishikawakatsumi.FileBrowser;
				PRODUCT_MODULE_NAME = FileBrowser;
				PRODUCT_NAME = "File Browser";
				SWIFT_EMIT_LOC_STRINGS = YES;
				SWIFT_VERSION = 5.0;
				TARGETED_DEVICE_FAMILY = "1,2";
			};
			name = Debug;
		};
		14E2825F2C4BF6BE00507B0C /* Release */ = {
			isa = XCBuildConfiguration;
			buildSettings = {
				ASSETCATALOG_COMPILER_APPICON_NAME = AppIcon;
				ASSETCATALOG_COMPILER_GLOBAL_ACCENT_COLOR_NAME = AccentColor;
				CODE_SIGN_STYLE = Automatic;
				CURRENT_PROJECT_VERSION = 1;
				DEVELOPMENT_TEAM = 27AEDK3C9F;
				GENERATE_INFOPLIST_FILE = YES;
				INFOPLIST_FILE = FileBrowser/Info.plist;
				INFOPLIST_KEY_NSLocalNetworkUsageDescription = "Discover the file sharing servers on your local area network.";
				INFOPLIST_KEY_UIApplicationSupportsIndirectInputEvents = YES;
				INFOPLIST_KEY_UILaunchStoryboardName = LaunchScreen;
				INFOPLIST_KEY_UIMainStoryboardFile = Main;
				INFOPLIST_KEY_UISupportedInterfaceOrientations_iPad = "UIInterfaceOrientationPortrait UIInterfaceOrientationPortraitUpsideDown UIInterfaceOrientationLandscapeLeft UIInterfaceOrientationLandscapeRight";
				INFOPLIST_KEY_UISupportedInterfaceOrientations_iPhone = "UIInterfaceOrientationPortrait UIInterfaceOrientationLandscapeLeft UIInterfaceOrientationLandscapeRight";
				LD_RUNPATH_SEARCH_PATHS = (
					"$(inherited)",
					"@executable_path/Frameworks",
				);
				MARKETING_VERSION = 1.0;
				PRODUCT_BUNDLE_IDENTIFIER = com.kishikawakatsumi.FileBrowser;
				PRODUCT_MODULE_NAME = FileBrowser;
				PRODUCT_NAME = "File Browser";
				SWIFT_EMIT_LOC_STRINGS = YES;
				SWIFT_VERSION = 5.0;
				TARGETED_DEVICE_FAMILY = "1,2";
			};
			name = Release;
		};
/* End XCBuildConfiguration section */

/* Begin XCConfigurationList section */
		14E282442C4BF6BD00507B0C /* Build configuration list for PBXProject "FileBrowser" */ = {
			isa = XCConfigurationList;
			buildConfigurations = (
				14E2825B2C4BF6BE00507B0C /* Debug */,
				14E2825C2C4BF6BE00507B0C /* Release */,
			);
			defaultConfigurationIsVisible = 0;
			defaultConfigurationName = Release;
		};
		14E2825D2C4BF6BE00507B0C /* Build configuration list for PBXNativeTarget "FileBrowser" */ = {
			isa = XCConfigurationList;
			buildConfigurations = (
				14E2825E2C4BF6BE00507B0C /* Debug */,
				14E2825F2C4BF6BE00507B0C /* Release */,
			);
			defaultConfigurationIsVisible = 0;
			defaultConfigurationName = Release;
		};
/* End XCConfigurationList section */

/* Begin XCRemoteSwiftPackageReference section */
		14843D002C524D4F007297BB /* XCRemoteSwiftPackageReference "SMBClient" */ = {
			isa = XCRemoteSwiftPackageReference;
			repositoryURL = "https://github.com/kishikawakatsumi/SMBClient.git";
			requirement = {
				branch = main;
				kind = branch;
			};
		};
		14843D032C524D60007297BB /* XCRemoteSwiftPackageReference "FlyingFox" */ = {
			isa = XCRemoteSwiftPackageReference;
			repositoryURL = "https://github.com/swhitty/FlyingFox.git";
			requirement = {
				kind = upToNextMajorVersion;
				minimumVersion = 0.15.0;
			};
		};
/* End XCRemoteSwiftPackageReference section */

/* Begin XCSwiftPackageProductDependency section */
		14843D012C524D4F007297BB /* SMBClient */ = {
			isa = XCSwiftPackageProductDependency;
			package = 14843D002C524D4F007297BB /* XCRemoteSwiftPackageReference "SMBClient" */;
			productName = SMBClient;
		};
		14843D042C524D60007297BB /* FlyingFox */ = {
			isa = XCSwiftPackageProductDependency;
			package = 14843D032C524D60007297BB /* XCRemoteSwiftPackageReference "FlyingFox" */;
			productName = FlyingFox;
		};
		14843D062C524D60007297BB /* FlyingSocks */ = {
			isa = XCSwiftPackageProductDependency;
			package = 14843D032C524D60007297BB /* XCRemoteSwiftPackageReference "FlyingFox" */;
			productName = FlyingSocks;
		};
/* End XCSwiftPackageProductDependency section */
	};
	rootObject = 14E282412C4BF6BD00507B0C /* Project object */;
}
