{
  "originHash" : "5d4dde8d24dec84f2ef8157fa32beeb36cf583b42ba178f7dcea16c910656995",
  "pins" : [
    {
      "identity" : "flyingfox",
      "kind" : "remoteSourceControl",
      "location" : "https://github.com/swhitty/FlyingFox.git",
      "state" : {
        "revision" : "b37b5ab2c8545cdcea27909c3441c92ca1a992a1",
        "version" : "0.15.0"
      }
    },
    {
      "identity" : "smbclient",
      "kind" : "remoteSourceControl",
      "location" : "https://github.com/kishikawakatsumi/SMBClient.git",
      "state" : {
        "branch" : "main",
        "revision" : "de69f81cbbad0a1f11b207ce3de2b012cecaaf18"
      }
    }
  ],
  "version" : 3
}
