{
  "originHash" : "5d4dde8d24dec84f2ef8157fa32beeb36cf583b42ba178f7dcea16c910656995",
  "pins" : [
    {
      "identity" : "flyingfox",
      "kind" : "remoteSourceControl",
      "location" : "https://github.com/swhitty/FlyingFox.git",
      "state" : {
        "revision" : "e7f38fe316d815053f0c5fdc973391b333754b11",
        "version" : "0.17.0"
      }
    },
    {
      "identity" : "smbclient",
      "kind" : "remoteSourceControl",
      "location" : "https://github.com/kishikawakatsumi/SMBClient.git",
      "state" : {
        "branch" : "main",
        "revision" : "1a2683c12ff2a050f500db293ce0378bdb056411"
      }
    }
  ],
  "version" : 3
}
