{
  "originHash" : "5d4dde8d24dec84f2ef8157fa32beeb36cf583b42ba178f7dcea16c910656995",
  "pins" : [
    {
      "identity" : "flyingfox",
      "kind" : "remoteSourceControl",
      "location" : "https://github.com/swhitty/FlyingFox.git",
      "state" : {
        "revision" : "0482ba51ff2d6d91a7ea449c3dbdce2a78802b85",
        "version" : "0.19.0"
      }
    },
    {
      "identity" : "smbclient",
      "kind" : "remoteSourceControl",
      "location" : "https://github.com/kishikawakatsumi/SMBClient.git",
      "state" : {
        "branch" : "switchtree",
        "revision" : "3534f14f951bb2ffe6353e065dc8e9cd576fc017"
      }
    }
  ],
  "version" : 3
}
