{
  "originHash" : "5d4dde8d24dec84f2ef8157fa32beeb36cf583b42ba178f7dcea16c910656995",
  "pins" : [
    {
      "identity" : "flyingfox",
      "kind" : "remoteSourceControl",
      "location" : "https://github.com/swhitty/FlyingFox.git",
      "state" : {
        "revision" : "02ad2f412a29c9ea8cee3924a3143d51a4288323",
        "version" : "0.26.0"
      }
    },
    {
      "identity" : "smbclient",
      "kind" : "remoteSourceControl",
      "location" : "https://github.com/kishikawakatsumi/SMBClient.git",
      "state" : {
        "branch" : "main",
        "revision" : "3061fe4df3bec2cc5def5e2f8110e89c1fef07d2"
      }
    }
  ],
  "version" : 3
}
